
Microsoft Visual Studio Solution File, Format Version 12.00
# Visual Studio Version 17
VisualStudioVersion = 17.5.33424.131
MinimumVisualStudioVersion = 10.0.40219.1
Project("{FAE04EC0-301F-11D3-BF4B-00C04F79EFBC}") = "WPF_dz1_intro_to_wpf", "WPF_dz1_intro_to_wpf\WPF_dz1_intro_to_wpf.csproj", "{D9BB9C07-81C0-429A-8CE3-D3FE8BF0774D}"
EndProject
Global
	GlobalSection(SolutionConfigurationPlatforms) = preSolution
		Debug|Any CPU = Debug|Any CPU
		Release|Any CPU = Release|Any CPU
	EndGlobalSection
	GlobalSection(ProjectConfigurationPlatforms) = postSolution
		{D9BB9C07-81C0-429A-8CE3-D3FE8BF0774D}.Debug|Any CPU.ActiveCfg = Debug|Any CPU
		{D9BB9C07-81C0-429A-8CE3-D3FE8BF0774D}.Debug|Any CPU.Build.0 = Debug|Any CPU
		{D9BB9C07-81C0-429A-8CE3-D3FE8BF0774D}.Release|Any CPU.ActiveCfg = Release|Any CPU
		{D9BB9C07-81C0-429A-8CE3-D3FE8BF0774D}.Release|Any CPU.Build.0 = Release|Any CPU
	EndGlobalSection
	GlobalSection(SolutionProperties) = preSolution
		HideSolutionNode = FALSE
	EndGlobalSection
	GlobalSection(ExtensibilityGlobals) = postSolution
		SolutionGuid = {A0241AB8-F225-4373-A1B5-3536E046F2F2}
	EndGlobalSection
EndGlobal
